schema: '2.0'
stages:
  data_split:
    cmd: python dvc/src/data_split.py
    deps:
    - path: dvc/src/data_split.py
      hash: md5
      md5: f1f19c4214eefec60fe741e7f8eafb8f
      size: 1327
    params:
      params.yaml:
        base.random_state: 47
        data_source.local_path: https://raw.githubusercontent.com/TripathiAshutosh/dataset/main/red_wine.csv
        split.split_ratio: 0.3
    outs:
    - path: data/split
      hash: md5
      md5: ea8d46fbdde00ee5963261704143a330.dir
      size: 93746
      nfiles: 2
  data_processing:
    cmd: python dvc/src/data_processing.py
    deps:
    - path: data/split
      hash: md5
      md5: ea8d46fbdde00ee5963261704143a330.dir
      size: 93746
      nfiles: 2
    - path: dvc/src/data_processing.py
      hash: md5
      md5: 5a3d2586e26760d071684b70d6d3dd45
      size: 1447
    params:
      params.yaml:
        process.dir: data/processed
        process.test_file: final_test.csv
        process.train_file: final_train.csv
        split.dir: data/split
        split.test_file: test.csv
        split.train_file: train.csv
    outs:
    - path: data/processed
      hash: md5
      md5: 3e25d49c2d24a03b0667865524b1a981.dir
      size: 93746
      nfiles: 2
  train:
    cmd: python dvc/src/train.py
    deps:
    - path: data/processed
      hash: md5
      md5: 3e25d49c2d24a03b0667865524b1a981.dir
      size: 93746
      nfiles: 2
    - path: dvc/src/train.py
      hash: md5
      md5: 1594b66f3934028f2afc46e12d139e9d
      size: 2537
    params:
      params.yaml:
        base.random_state: 47
        base.target_col: quality
        model_dir: model
        process.dir: data/processed
        process.test_file: final_test.csv
        process.train_file: final_train.csv
        train.n_est: 20
    outs:
    - path: model/model.pkl
      hash: md5
      md5: 244c1230f81e95099ddbf3052d77de8a
      size: 303678
  evaluate:
    cmd: python dvc/src/evaluation.py model/model.pkl dvc/data/processed
    deps:
    - path: data/processed
      hash: md5
      md5: 3e25d49c2d24a03b0667865524b1a981.dir
      size: 93746
      nfiles: 2
    - path: dvc/src/evaluation.py
      hash: md5
      md5: 576c42035c0bacac233c4b1737126894
      size: 6951
    - path: model/model.pkl
      hash: md5
      md5: 244c1230f81e95099ddbf3052d77de8a
      size: 303678
    outs:
    - path: eval/importance.png
      hash: md5
      md5: e23feee0d133879819adc1e3954da3c5
      size: 19206
    - path: eval/live/metrics.json
      hash: md5
      md5: 9f195106a97a67c522224f06daee6f7b
      size: 176
    - path: eval/live/plots
      hash: md5
      md5: acb0ca2a773fcad5c8f3a1e840c75ed5.dir
      size: 108784
      nfiles: 4
    - path: eval/prc
      hash: md5
      md5: 4910624459db282278f27d311d27f759.dir
      size: 5191
      nfiles: 2
